
Microsoft Visual Studio Solution File, Format Version 12.00
# Visual Studio Version 17
VisualStudioVersion = 17.7.34009.444
MinimumVisualStudioVersion = 10.0.40219.1
Project("{FAE04EC0-301F-11D3-BF4B-00C04F79EFBC}") = "1projectFomin", "1projectFomin.csproj", "{CC27F2DD-CC9C-4878-A1A7-A68926769745}"
EndProject
Global
	GlobalSection(SolutionConfigurationPlatforms) = preSolution
		Debug|Any CPU = Debug|Any CPU
		Release|Any CPU = Release|Any CPU
	EndGlobalSection
	GlobalSection(ProjectConfigurationPlatforms) = postSolution
		{CC27F2DD-CC9C-4878-A1A7-A68926769745}.Debug|Any CPU.ActiveCfg = Debug|Any CPU
		{CC27F2DD-CC9C-4878-A1A7-A68926769745}.Debug|Any CPU.Build.0 = Debug|Any CPU
		{CC27F2DD-CC9C-4878-A1A7-A68926769745}.Release|Any CPU.ActiveCfg = Release|Any CPU
		{CC27F2DD-CC9C-4878-A1A7-A68926769745}.Release|Any CPU.Build.0 = Release|Any CPU
	EndGlobalSection
	GlobalSection(SolutionProperties) = preSolution
		HideSolutionNode = FALSE
	EndGlobalSection
	GlobalSection(ExtensibilityGlobals) = postSolution
		SolutionGuid = {CFB03B6E-17A8-4DEC-99EB-99A1C5FA7BB8}
	EndGlobalSection
EndGlobal
